<?xml version="1.0" encoding="utf-8"?>
<Project ToolsVersion="4.0" xmlns="http://schemas.microsoft.com/developer/msbuild/2003">
  <ItemGroup>
    <Filter Include="Source Files">
      <UniqueIdentifier>{4FC737F1-C7A5-4376-A066-2A32D752A2FF}</UniqueIdentifier>
      <Extensions>cpp;c;cc;cxx;def;odl;idl;hpj;bat;asm;asmx</Extensions>
    </Filter>
    <Filter Include="Header Files">
      <UniqueIdentifier>{93995380-89BD-4b04-88EB-625FBE52EBFB}</UniqueIdentifier>
      <Extensions>h;hpp;hxx;hm;inl;inc;xsd</Extensions>
    </Filter>
    <Filter Include="Resource Files">
      <UniqueIdentifier>{67DA6AB6-F800-4c08-8B7A-83BB121AAD01}</UniqueIdentifier>
      <Extensions>rc;ico;cur;bmp;dlg;rc2;rct;bin;rgs;gif;jpg;jpeg;jpe;resx;tiff;tif;png;wav;mfcribbon-ms</Extensions>
    </Filter>
  </ItemGroup>
  <ItemGroup>
    <None Include="ReadMe.txt" />
    <None Include="res\PacmanProjectCpp.rc2">
      <Filter>Resource Files</Filter>
    </None>
    <None Include="res\PacmanProjectCpp.ico">
      <Filter>Resource Files</Filter>
    </None>
    <None Include="res\levelwall_res.bmp">
      <Filter>Resource Files</Filter>
    </None>
    <None Include="res\wall_res_width.bmp">
      <Filter>Resource Files</Filter>
    </None>
    <None Include="res\bitmap2.bmp">
      <Filter>Resource Files</Filter>
    </None>
    <None Include="res\wall_res_high_low_width.bmp">
      <Filter>Resource Files</Filter>
    </None>
    <None Include="res\wall_res_block.bmp">
      <Filter>Resource Files</Filter>
    </None>
    <None Include="res\coin_res.bmp">
      <Filter>Resource Files</Filter>
    </None>
    <None Include="res\pacman.bmp">
      <Filter>Resource Files</Filter>
    </None>
    <None Include="res\ghost_a.bmp">
      <Filter>Resource Files</Filter>
    </None>
    <None Include="res\ghost_b.bmp">
      <Filter>Resource Files</Filter>
    </None>
    <None Include="res\ghost_c.bmp">
      <Filter>Resource Files</Filter>
    </None>
    <None Include="res\ghost_d.bmp">
      <Filter>Resource Files</Filter>
    </None>
    <None Include="res\pacman_r.bmp">
      <Filter>Resource Files</Filter>
    </None>
    <None Include="res\pacman_d.bmp">
      <Filter>Resource Files</Filter>
    </None>
    <None Include="res\pacman_l.bmp">
      <Filter>Resource Files</Filter>
    </None>
    <None Include="res\pacman_u.bmp">
      <Filter>Resource Files</Filter>
    </None>
    <None Include="res\wav1.bin">
      <Filter>Resource Files</Filter>
    </None>
    <None Include="res\pac_man.ico">
      <Filter>Resource Files</Filter>
    </None>
    <None Include="res\eatable_ghost.bmp">
      <Filter>Resource Files</Filter>
    </None>
  </ItemGroup>
  <ItemGroup>
    <ClInclude Include="PacmanProjectCpp.h">
      <Filter>Header Files</Filter>
    </ClInclude>
    <ClInclude Include="PacmanProjectCppDlg.h">
      <Filter>Header Files</Filter>
    </ClInclude>
    <ClInclude Include="stdafx.h">
      <Filter>Header Files</Filter>
    </ClInclude>
    <ClInclude Include="targetver.h">
      <Filter>Header Files</Filter>
    </ClInclude>
    <ClInclude Include="Resource.h">
      <Filter>Header Files</Filter>
    </ClInclude>
    <ClInclude Include="GameObject.h">
      <Filter>Header Files</Filter>
    </ClInclude>
    <ClInclude Include="Pickable.h">
      <Filter>Header Files</Filter>
    </ClInclude>
    <ClInclude Include="Movable.h">
      <Filter>Header Files</Filter>
    </ClInclude>
    <ClInclude Include="Ghost.h">
      <Filter>Header Files</Filter>
    </ClInclude>
    <ClInclude Include="Pacman.h">
      <Filter>Header Files</Filter>
    </ClInclude>
    <ClInclude Include="Coin.h">
      <Filter>Header Files</Filter>
    </ClInclude>
    <ClInclude Include="Powerup.h">
      <Filter>Header Files</Filter>
    </ClInclude>
    <ClInclude Include="Levelwall.h">
      <Filter>Header Files</Filter>
    </ClInclude>
    <ClInclude Include="GameLevel.h">
      <Filter>Header Files</Filter>
    </ClInclude>
    <ClInclude Include="CoinGenerator.h">
      <Filter>Header Files</Filter>
    </ClInclude>
    <ClInclude Include="MovmentVec.h">
      <Filter>Header Files</Filter>
    </ClInclude>
    <ClInclude Include="ThreadArgs.h">
      <Filter>Header Files</Filter>
    </ClInclude>
    <ClInclude Include="MenuDialog.h">
      <Filter>Header Files</Filter>
    </ClInclude>
    <ClInclude Include="GameState.h">
      <Filter>Header Files</Filter>
    </ClInclude>
  </ItemGroup>
  <ItemGroup>
    <ClCompile Include="PacmanProjectCpp.cpp">
      <Filter>Source Files</Filter>
    </ClCompile>
    <ClCompile Include="PacmanProjectCppDlg.cpp">
      <Filter>Source Files</Filter>
    </ClCompile>
    <ClCompile Include="stdafx.cpp">
      <Filter>Source Files</Filter>
    </ClCompile>
    <ClCompile Include="GameObject.cpp">
      <Filter>Source Files</Filter>
    </ClCompile>
    <ClCompile Include="Levelwall.cpp">
      <Filter>Source Files</Filter>
    </ClCompile>
    <ClCompile Include="GameLevel.cpp">
      <Filter>Source Files</Filter>
    </ClCompile>
    <ClCompile Include="CoinGenerator.cpp">
      <Filter>Source Files</Filter>
    </ClCompile>
    <ClCompile Include="Movable.cpp">
      <Filter>Source Files</Filter>
    </ClCompile>
    <ClCompile Include="Coin.cpp">
      <Filter>Source Files</Filter>
    </ClCompile>
    <ClCompile Include="Powerup.cpp">
      <Filter>Source Files</Filter>
    </ClCompile>
    <ClCompile Include="Pacman.cpp">
      <Filter>Source Files</Filter>
    </ClCompile>
    <ClCompile Include="MovmentVec.cpp">
      <Filter>Source Files</Filter>
    </ClCompile>
    <ClCompile Include="Ghost.cpp">
      <Filter>Source Files</Filter>
    </ClCompile>
    <ClCompile Include="ThreadArgs.cpp">
      <Filter>Source Files</Filter>
    </ClCompile>
    <ClCompile Include="MenuDialog.cpp">
      <Filter>Source Files</Filter>
    </ClCompile>
    <ClCompile Include="GameState.cpp">
      <Filter>Source Files</Filter>
    </ClCompile>
  </ItemGroup>
  <ItemGroup>
    <ResourceCompile Include="PacmanProjectCpp.rc">
      <Filter>Resource Files</Filter>
    </ResourceCompile>
  </ItemGroup>
</Project>